
Microsoft Visual Studio Solution File, Format Version 12.00
# Visual Studio 15
VisualStudioVersion = 15.0.27703.2035
MinimumVisualStudioVersion = 10.0.40219.1
Project("{8BC9CEB8-8B4A-11D0-8D11-00A0C91BC942}") = "XenroEngine", "XenroEngine\XenroEngine.vcxproj", "{064A34D9-0DE1-4FAA-B0FE-5022F2284B18}"
EndProject
Project("{8BC9CEB8-8B4A-11D0-8D11-00A0C91BC942}") = "Demo", "Demo\Project1.vcxproj", "{AB91780D-D622-47AF-A62A-80CE183134F5}"
	ProjectSection(ProjectDependencies) = postProject
		{064A34D9-0DE1-4FAA-B0FE-5022F2284B18} = {064A34D9-0DE1-4FAA-B0FE-5022F2284B18}
	EndProjectSection
EndProject
Global
	GlobalSection(SolutionConfigurationPlatforms) = preSolution
		Debug|x64 = Debug|x64
		Debug|x86 = Debug|x86
		Release|x64 = Release|x64
		Release|x86 = Release|x86
	EndGlobalSection
	GlobalSection(ProjectConfigurationPlatforms) = postSolution
		{064A34D9-0DE1-4FAA-B0FE-5022F2284B18}.Debug|x64.ActiveCfg = Debug|x64
		{064A34D9-0DE1-4FAA-B0FE-5022F2284B18}.Debug|x64.Build.0 = Debug|x64
		{064A34D9-0DE1-4FAA-B0FE-5022F2284B18}.Debug|x86.ActiveCfg = Debug|Win32
		{064A34D9-0DE1-4FAA-B0FE-5022F2284B18}.Debug|x86.Build.0 = Debug|Win32
		{064A34D9-0DE1-4FAA-B0FE-5022F2284B18}.Release|x64.ActiveCfg = Release|x64
		{064A34D9-0DE1-4FAA-B0FE-5022F2284B18}.Release|x64.Build.0 = Release|x64
		{064A34D9-0DE1-4FAA-B0FE-5022F2284B18}.Release|x86.ActiveCfg = Release|Win32
		{064A34D9-0DE1-4FAA-B0FE-5022F2284B18}.Release|x86.Build.0 = Release|Win32
		{AB91780D-D622-47AF-A62A-80CE183134F5}.Debug|x64.ActiveCfg = Debug|x64
		{AB91780D-D622-47AF-A62A-80CE183134F5}.Debug|x64.Build.0 = Debug|x64
		{AB91780D-D622-47AF-A62A-80CE183134F5}.Debug|x86.ActiveCfg = Debug|Win32
		{AB91780D-D622-47AF-A62A-80CE183134F5}.Debug|x86.Build.0 = Debug|Win32
		{AB91780D-D622-47AF-A62A-80CE183134F5}.Release|x64.ActiveCfg = Release|x64
		{AB91780D-D622-47AF-A62A-80CE183134F5}.Release|x64.Build.0 = Release|x64
		{AB91780D-D622-47AF-A62A-80CE183134F5}.Release|x86.ActiveCfg = Release|Win32
		{AB91780D-D622-47AF-A62A-80CE183134F5}.Release|x86.Build.0 = Release|Win32
	EndGlobalSection
	GlobalSection(SolutionProperties) = preSolution
		HideSolutionNode = FALSE
	EndGlobalSection
	GlobalSection(ExtensibilityGlobals) = postSolution
		SolutionGuid = {A66B4357-7188-4A6C-BB3F-FC9CF7C21653}
	EndGlobalSection
EndGlobal
