<?xml version="1.0" encoding="utf-8"?>
<Project ToolsVersion="4.0" xmlns="http://schemas.microsoft.com/developer/msbuild/2003">
  <ItemGroup>
    <Filter Include="Source Files">
      <UniqueIdentifier>{4FC737F1-C7A5-4376-A066-2A32D752A2FF}</UniqueIdentifier>
      <Extensions>cpp;c;cc;cxx;def;odl;idl;hpj;bat;asm;asmx</Extensions>
    </Filter>
    <Filter Include="Header Files">
      <UniqueIdentifier>{93995380-89BD-4b04-88EB-625FBE52EBFB}</UniqueIdentifier>
      <Extensions>h;hh;hpp;hxx;hm;inl;inc;xsd</Extensions>
    </Filter>
    <Filter Include="Resource Files">
      <UniqueIdentifier>{67DA6AB6-F800-4c08-8B7A-83BB121AAD01}</UniqueIdentifier>
      <Extensions>rc;ico;cur;bmp;dlg;rc2;rct;bin;rgs;gif;jpg;jpeg;jpe;resx;tiff;tif;png;wav;mfcribbon-ms</Extensions>
    </Filter>
    <Filter Include="Header Files\XenroMath">
      <UniqueIdentifier>{5c66bdee-0a45-4c95-bd97-72db2dcd1ae9}</UniqueIdentifier>
    </Filter>
    <Filter Include="Header Files\Sprites">
      <UniqueIdentifier>{3c134bd7-fd73-4d6e-a880-1569dbff61d9}</UniqueIdentifier>
    </Filter>
    <Filter Include="Header Files\Managers">
      <UniqueIdentifier>{209d87e0-205f-49f6-9817-b5c08ee4b428}</UniqueIdentifier>
    </Filter>
    <Filter Include="Header Files\Screens">
      <UniqueIdentifier>{ad64e5cf-dcbd-42ca-ac32-ecd24e517d2a}</UniqueIdentifier>
    </Filter>
    <Filter Include="Header Files\Particles">
      <UniqueIdentifier>{e0a2751b-3030-4185-a707-27590feae5d5}</UniqueIdentifier>
    </Filter>
    <Filter Include="Header Files\Third Party">
      <UniqueIdentifier>{6fd74963-fb09-4f69-ad1a-e5c076e4dbb0}</UniqueIdentifier>
    </Filter>
    <Filter Include="Header Files\Third Party\UTF 8">
      <UniqueIdentifier>{1dbce9e4-9714-47a7-b6bf-399cc4a415a7}</UniqueIdentifier>
    </Filter>
    <Filter Include="Header Files\Textures">
      <UniqueIdentifier>{57ecd145-40ae-449f-85cc-938298922c81}</UniqueIdentifier>
    </Filter>
    <Filter Include="Source Files\Third Party">
      <UniqueIdentifier>{fa75d17b-fdaa-4e69-855c-d2f93cac4b4b}</UniqueIdentifier>
    </Filter>
    <Filter Include="Source Files\Managers">
      <UniqueIdentifier>{6c7bd90b-d284-4a43-8707-3c412c4bf3cd}</UniqueIdentifier>
    </Filter>
    <Filter Include="Source Files\Textures">
      <UniqueIdentifier>{8693fe1d-b5f8-4c9f-a3e4-512dad79dd58}</UniqueIdentifier>
    </Filter>
    <Filter Include="Source Files\Sprites">
      <UniqueIdentifier>{495f984f-6c2c-4067-b0f5-6efe15f84c70}</UniqueIdentifier>
    </Filter>
    <Filter Include="Source Files\Particles">
      <UniqueIdentifier>{aec7029e-5896-42cc-b94d-518f1641c54f}</UniqueIdentifier>
    </Filter>
    <Filter Include="Source Files\Screens">
      <UniqueIdentifier>{05c3cdca-c07b-47b6-85dd-43a5e861ae70}</UniqueIdentifier>
    </Filter>
    <Filter Include="Source Files\UI">
      <UniqueIdentifier>{d63ca659-d491-4694-b0ad-e609fb6f0d4b}</UniqueIdentifier>
    </Filter>
    <Filter Include="Header Files\UI">
      <UniqueIdentifier>{6097d5ab-0efc-4852-b778-b9841e60049b}</UniqueIdentifier>
    </Filter>
    <Filter Include="Source Files\Game">
      <UniqueIdentifier>{173ff201-a615-429f-b7df-3863112ac238}</UniqueIdentifier>
    </Filter>
    <Filter Include="Header Files\Game">
      <UniqueIdentifier>{833265c0-c348-4f47-ac9a-40ef5f12ec65}</UniqueIdentifier>
    </Filter>
  </ItemGroup>
  <ItemGroup>
    <ClCompile Include="ErrorMessages.cpp">
      <Filter>Source Files</Filter>
    </ClCompile>
    <ClCompile Include="SpriteFont.cpp">
      <Filter>Source Files\Third Party</Filter>
    </ClCompile>
    <ClCompile Include="picoPNG.cpp">
      <Filter>Source Files\Third Party</Filter>
    </ClCompile>
    <ClCompile Include="LoadManager.cpp">
      <Filter>Source Files\Managers</Filter>
    </ClCompile>
    <ClCompile Include="InputManager.cpp">
      <Filter>Source Files\Managers</Filter>
    </ClCompile>
    <ClCompile Include="ResourceManager.cpp">
      <Filter>Source Files\Managers</Filter>
    </ClCompile>
    <ClCompile Include="IOManager.cpp">
      <Filter>Source Files\Managers</Filter>
    </ClCompile>
    <ClCompile Include="TextureCache.cpp">
      <Filter>Source Files\Textures</Filter>
    </ClCompile>
    <ClCompile Include="SaveManager.cpp">
      <Filter>Source Files\Managers</Filter>
    </ClCompile>
    <ClCompile Include="Particle.cpp">
      <Filter>Source Files\Particles</Filter>
    </ClCompile>
    <ClCompile Include="ParticleBatch.cpp">
      <Filter>Source Files\Particles</Filter>
    </ClCompile>
    <ClCompile Include="ParticleEffect.cpp">
      <Filter>Source Files\Particles</Filter>
    </ClCompile>
    <ClCompile Include="Sprite.cpp">
      <Filter>Source Files\Sprites</Filter>
    </ClCompile>
    <ClCompile Include="SpriteBatch.cpp">
      <Filter>Source Files\Sprites</Filter>
    </ClCompile>
    <ClCompile Include="SpriteSheet.cpp">
      <Filter>Source Files\Sprites</Filter>
    </ClCompile>
    <ClCompile Include="ScreenList.cpp">
      <Filter>Source Files\Screens</Filter>
    </ClCompile>
    <ClCompile Include="GUI.cpp">
      <Filter>Source Files\UI</Filter>
    </ClCompile>
    <ClCompile Include="HUD.cpp">
      <Filter>Source Files\UI</Filter>
    </ClCompile>
    <ClCompile Include="GLSLProgram.cpp">
      <Filter>Source Files\Textures</Filter>
    </ClCompile>
    <ClCompile Include="Timing.cpp">
      <Filter>Source Files\Game</Filter>
    </ClCompile>
    <ClCompile Include="Game.cpp">
      <Filter>Source Files\Game</Filter>
    </ClCompile>
    <ClCompile Include="Camera.cpp">
      <Filter>Source Files\Game</Filter>
    </ClCompile>
    <ClCompile Include="Window.cpp">
      <Filter>Source Files\Game</Filter>
    </ClCompile>
    <ClCompile Include="World.cpp">
      <Filter>Source Files\Game</Filter>
    </ClCompile>
    <ClCompile Include="OutlineRenderer.cpp">
      <Filter>Source Files\Game</Filter>
    </ClCompile>
    <ClCompile Include="LightEngine.cpp">
      <Filter>Source Files\Game</Filter>
    </ClCompile>
    <ClCompile Include="AudioEngine.cpp">
      <Filter>Source Files\Game</Filter>
    </ClCompile>
    <ClCompile Include="ImageLoader.cpp">
      <Filter>Source Files\Managers</Filter>
    </ClCompile>
  </ItemGroup>
  <ItemGroup>
    <ClInclude Include="ErrorMessages.h">
      <Filter>Header Files</Filter>
    </ClInclude>
    <ClInclude Include="Globals.h">
      <Filter>Header Files</Filter>
    </ClInclude>
    <ClInclude Include="core.h">
      <Filter>Header Files\Third Party\UTF 8</Filter>
    </ClInclude>
    <ClInclude Include="checked.h">
      <Filter>Header Files\Third Party\UTF 8</Filter>
    </ClInclude>
    <ClInclude Include="unchecked.h">
      <Filter>Header Files\Third Party\UTF 8</Filter>
    </ClInclude>
    <ClInclude Include="utf8.h">
      <Filter>Header Files\Third Party\UTF 8</Filter>
    </ClInclude>
    <ClInclude Include="Math.h">
      <Filter>Header Files\XenroMath</Filter>
    </ClInclude>
    <ClInclude Include="Vec2.h">
      <Filter>Header Files\XenroMath</Filter>
    </ClInclude>
    <ClInclude Include="Vec3.h">
      <Filter>Header Files\XenroMath</Filter>
    </ClInclude>
    <ClInclude Include="Vec4.h">
      <Filter>Header Files\XenroMath</Filter>
    </ClInclude>
    <ClInclude Include="Mat2.h">
      <Filter>Header Files\XenroMath</Filter>
    </ClInclude>
    <ClInclude Include="Mat3.h">
      <Filter>Header Files\XenroMath</Filter>
    </ClInclude>
    <ClInclude Include="Mat4.h">
      <Filter>Header Files\XenroMath</Filter>
    </ClInclude>
    <ClInclude Include="MathConstants.h">
      <Filter>Header Files\XenroMath</Filter>
    </ClInclude>
    <ClInclude Include="Vertex.h">
      <Filter>Header Files\XenroMath</Filter>
    </ClInclude>
    <ClInclude Include="Sprite.h">
      <Filter>Header Files\Sprites</Filter>
    </ClInclude>
    <ClInclude Include="SpriteBatch.h">
      <Filter>Header Files\Sprites</Filter>
    </ClInclude>
    <ClInclude Include="SpriteSheet.h">
      <Filter>Header Files\Sprites</Filter>
    </ClInclude>
    <ClInclude Include="InputManager.h">
      <Filter>Header Files\Managers</Filter>
    </ClInclude>
    <ClInclude Include="IOManager.h">
      <Filter>Header Files\Managers</Filter>
    </ClInclude>
    <ClInclude Include="LoadManager.h">
      <Filter>Header Files\Managers</Filter>
    </ClInclude>
    <ClInclude Include="SaveManager.h">
      <Filter>Header Files\Managers</Filter>
    </ClInclude>
    <ClInclude Include="ResourceManager.h">
      <Filter>Header Files\Managers</Filter>
    </ClInclude>
    <ClInclude Include="Particle.h">
      <Filter>Header Files\Particles</Filter>
    </ClInclude>
    <ClInclude Include="ParticleBatch.h">
      <Filter>Header Files\Particles</Filter>
    </ClInclude>
    <ClInclude Include="ParticleEffect.h">
      <Filter>Header Files\Particles</Filter>
    </ClInclude>
    <ClInclude Include="SpriteFont.h">
      <Filter>Header Files\Third Party</Filter>
    </ClInclude>
    <ClInclude Include="picoPNG.h">
      <Filter>Header Files\Third Party</Filter>
    </ClInclude>
    <ClInclude Include="GLTexture.h">
      <Filter>Header Files\Textures</Filter>
    </ClInclude>
    <ClInclude Include="GLSLProgram.h">
      <Filter>Header Files\Textures</Filter>
    </ClInclude>
    <ClInclude Include="IScreen.h">
      <Filter>Header Files\Screens</Filter>
    </ClInclude>
    <ClInclude Include="ScreenList.h">
      <Filter>Header Files\Screens</Filter>
    </ClInclude>
    <ClInclude Include="TextureCache.h">
      <Filter>Header Files\Textures</Filter>
    </ClInclude>
    <ClInclude Include="GUI.h">
      <Filter>Header Files\UI</Filter>
    </ClInclude>
    <ClInclude Include="HUD.h">
      <Filter>Header Files\UI</Filter>
    </ClInclude>
    <ClInclude Include="AudioEngine.h">
      <Filter>Header Files\Game</Filter>
    </ClInclude>
    <ClInclude Include="Camera.h">
      <Filter>Header Files\Game</Filter>
    </ClInclude>
    <ClInclude Include="Game.h">
      <Filter>Header Files\Game</Filter>
    </ClInclude>
    <ClInclude Include="ImageLoader.h">
      <Filter>Header Files\Managers</Filter>
    </ClInclude>
    <ClInclude Include="LightEngine.h">
      <Filter>Header Files\Game</Filter>
    </ClInclude>
    <ClInclude Include="Window.h">
      <Filter>Header Files\Game</Filter>
    </ClInclude>
    <ClInclude Include="World.h">
      <Filter>Header Files\Game</Filter>
    </ClInclude>
    <ClInclude Include="OutlineRenderer.h">
      <Filter>Header Files\Game</Filter>
    </ClInclude>
    <ClInclude Include="Timing.h">
      <Filter>Header Files\Game</Filter>
    </ClInclude>
  </ItemGroup>
</Project>